{
    "name": "evernode-js-test",
    "version": "1.0.0",
    "lockfileVersion": 1,
    "requires": true,
    "dependencies": {
        "evernode-js-ravinsp": {
            "version": "0.0.2",
            "resolved": "https://registry.npmjs.org/evernode-js-ravinsp/-/evernode-js-ravinsp-0.0.2.tgz",
            "integrity": "sha512-pwrjz7O70AClTukT/FNqc/xMl6qPl9T1ul58bC0A8jLXEz74Ik90xI8P8/JMJLelXSSnU14YZgRN1Akxix3rNQ=="
        }
    }
}
